
Microsoft Visual Studio Solution File, Format Version 12.00
# Visual Studio Version 16
VisualStudioVersion = 16.0.29806.167
MinimumVisualStudioVersion = 10.0.40219.1
Project("{FAE04EC0-301F-11D3-BF4B-00C04F79EFBC}") = "Lab1 Dialoge", "Lab1\Lab1 Dialoge.csproj", "{FE0BCEFE-F073-4AAD-BF1E-2A600D90993C}"
EndProject
Project("{FAE04EC0-301F-11D3-BF4B-00C04F79EFBC}") = "Lab2 Paint", "Lab2 Paint\Lab2 Paint.csproj", "{E2148B05-297C-479A-AA9F-B78A5E6FD730}"
EndProject
Project("{FAE04EC0-301F-11D3-BF4B-00C04F79EFBC}") = "Lab3 Drag and Drop", "Lab 3 Drag and Drop\Lab3 Drag and Drop.csproj", "{6EDC0902-70EF-4267-81C6-F7A69AB1D57B}"
EndProject
Project("{FAE04EC0-301F-11D3-BF4B-00C04F79EFBC}") = "Lab4 Ball Timer", "Lab4 Ball Timer\Lab4 Ball Timer.csproj", "{BDA5861A-88C5-4326-8210-D9660644DE56}"
EndProject
Project("{FAE04EC0-301F-11D3-BF4B-00C04F79EFBC}") = "Lab5 Mickey Mouse", "Lab5 Mickey Mouse\Lab5 Mickey Mouse.csproj", "{45B503A0-3920-4D3A-871B-915238B9FD17}"
EndProject
Global
	GlobalSection(SolutionConfigurationPlatforms) = preSolution
		Debug|Any CPU = Debug|Any CPU
		Release|Any CPU = Release|Any CPU
	EndGlobalSection
	GlobalSection(ProjectConfigurationPlatforms) = postSolution
		{FE0BCEFE-F073-4AAD-BF1E-2A600D90993C}.Debug|Any CPU.ActiveCfg = Debug|Any CPU
		{FE0BCEFE-F073-4AAD-BF1E-2A600D90993C}.Debug|Any CPU.Build.0 = Debug|Any CPU
		{FE0BCEFE-F073-4AAD-BF1E-2A600D90993C}.Release|Any CPU.ActiveCfg = Release|Any CPU
		{FE0BCEFE-F073-4AAD-BF1E-2A600D90993C}.Release|Any CPU.Build.0 = Release|Any CPU
		{E2148B05-297C-479A-AA9F-B78A5E6FD730}.Debug|Any CPU.ActiveCfg = Debug|Any CPU
		{E2148B05-297C-479A-AA9F-B78A5E6FD730}.Debug|Any CPU.Build.0 = Debug|Any CPU
		{E2148B05-297C-479A-AA9F-B78A5E6FD730}.Release|Any CPU.ActiveCfg = Release|Any CPU
		{E2148B05-297C-479A-AA9F-B78A5E6FD730}.Release|Any CPU.Build.0 = Release|Any CPU
		{6EDC0902-70EF-4267-81C6-F7A69AB1D57B}.Debug|Any CPU.ActiveCfg = Debug|Any CPU
		{6EDC0902-70EF-4267-81C6-F7A69AB1D57B}.Debug|Any CPU.Build.0 = Debug|Any CPU
		{6EDC0902-70EF-4267-81C6-F7A69AB1D57B}.Release|Any CPU.ActiveCfg = Release|Any CPU
		{6EDC0902-70EF-4267-81C6-F7A69AB1D57B}.Release|Any CPU.Build.0 = Release|Any CPU
		{BDA5861A-88C5-4326-8210-D9660644DE56}.Debug|Any CPU.ActiveCfg = Debug|Any CPU
		{BDA5861A-88C5-4326-8210-D9660644DE56}.Debug|Any CPU.Build.0 = Debug|Any CPU
		{BDA5861A-88C5-4326-8210-D9660644DE56}.Release|Any CPU.ActiveCfg = Release|Any CPU
		{BDA5861A-88C5-4326-8210-D9660644DE56}.Release|Any CPU.Build.0 = Release|Any CPU
		{45B503A0-3920-4D3A-871B-915238B9FD17}.Debug|Any CPU.ActiveCfg = Debug|Any CPU
		{45B503A0-3920-4D3A-871B-915238B9FD17}.Debug|Any CPU.Build.0 = Debug|Any CPU
		{45B503A0-3920-4D3A-871B-915238B9FD17}.Release|Any CPU.ActiveCfg = Release|Any CPU
		{45B503A0-3920-4D3A-871B-915238B9FD17}.Release|Any CPU.Build.0 = Release|Any CPU
	EndGlobalSection
	GlobalSection(SolutionProperties) = preSolution
		HideSolutionNode = FALSE
	EndGlobalSection
	GlobalSection(ExtensibilityGlobals) = postSolution
		SolutionGuid = {A988744B-DD71-4C37-9496-03BE9FE1237F}
	EndGlobalSection
EndGlobal
