
Microsoft Visual Studio Solution File, Format Version 12.00
# Visual Studio Version 16
VisualStudioVersion = 16.0.29613.14
MinimumVisualStudioVersion = 10.0.40219.1
Project("{FAE04EC0-301F-11D3-BF4B-00C04F79EFBC}") = "Company Assignment", "Company Assignment\Company Assignment.csproj", "{8D1B1EBF-41B6-4D7D-B9CA-EBD78E0A047D}"
EndProject
Global
	GlobalSection(SolutionConfigurationPlatforms) = preSolution
		Debug|Any CPU = Debug|Any CPU
		Release|Any CPU = Release|Any CPU
	EndGlobalSection
	GlobalSection(ProjectConfigurationPlatforms) = postSolution
		{8D1B1EBF-41B6-4D7D-B9CA-EBD78E0A047D}.Debug|Any CPU.ActiveCfg = Debug|Any CPU
		{8D1B1EBF-41B6-4D7D-B9CA-EBD78E0A047D}.Debug|Any CPU.Build.0 = Debug|Any CPU
		{8D1B1EBF-41B6-4D7D-B9CA-EBD78E0A047D}.Release|Any CPU.ActiveCfg = Release|Any CPU
		{8D1B1EBF-41B6-4D7D-B9CA-EBD78E0A047D}.Release|Any CPU.Build.0 = Release|Any CPU
	EndGlobalSection
	GlobalSection(SolutionProperties) = preSolution
		HideSolutionNode = FALSE
	EndGlobalSection
	GlobalSection(ExtensibilityGlobals) = postSolution
		SolutionGuid = {3613D45D-2B4E-4C01-B8DB-EA9A59527012}
	EndGlobalSection
EndGlobal
