
Microsoft Visual Studio Solution File, Format Version 12.00
# Visual Studio Version 16
VisualStudioVersion = 16.0.29613.14
MinimumVisualStudioVersion = 10.0.40219.1
Project("{9A19103F-16F7-4668-BE54-9A1E7A4F7556}") = "D03_assignment", "D03_assignment\D03_assignment.csproj", "{D311CF02-C524-4EC7-8ABE-FE6D0BC9888B}"
EndProject
Project("{FAE04EC0-301F-11D3-BF4B-00C04F79EFBC}") = "D03_ass_test_ref", "D03_ass_test_ref\D03_ass_test_ref.csproj", "{E9C2FF24-7283-43E7-865B-7848A386D4AB}"
EndProject
Global
	GlobalSection(SolutionConfigurationPlatforms) = preSolution
		Debug|Any CPU = Debug|Any CPU
		Release|Any CPU = Release|Any CPU
	EndGlobalSection
	GlobalSection(ProjectConfigurationPlatforms) = postSolution
		{D311CF02-C524-4EC7-8ABE-FE6D0BC9888B}.Debug|Any CPU.ActiveCfg = Debug|Any CPU
		{D311CF02-C524-4EC7-8ABE-FE6D0BC9888B}.Debug|Any CPU.Build.0 = Debug|Any CPU
		{D311CF02-C524-4EC7-8ABE-FE6D0BC9888B}.Release|Any CPU.ActiveCfg = Release|Any CPU
		{D311CF02-C524-4EC7-8ABE-FE6D0BC9888B}.Release|Any CPU.Build.0 = Release|Any CPU
		{E9C2FF24-7283-43E7-865B-7848A386D4AB}.Debug|Any CPU.ActiveCfg = Debug|Any CPU
		{E9C2FF24-7283-43E7-865B-7848A386D4AB}.Debug|Any CPU.Build.0 = Debug|Any CPU
		{E9C2FF24-7283-43E7-865B-7848A386D4AB}.Release|Any CPU.ActiveCfg = Release|Any CPU
		{E9C2FF24-7283-43E7-865B-7848A386D4AB}.Release|Any CPU.Build.0 = Release|Any CPU
	EndGlobalSection
	GlobalSection(SolutionProperties) = preSolution
		HideSolutionNode = FALSE
	EndGlobalSection
	GlobalSection(ExtensibilityGlobals) = postSolution
		SolutionGuid = {79EF08F1-EF87-4B39-864A-4D1E6B40F528}
	EndGlobalSection
EndGlobal
